
Microsoft Visual Studio Solution File, Format Version 12.00
# Visual Studio Version 17
VisualStudioVersion = 17.0.31919.166
MinimumVisualStudioVersion = 10.0.40219.1
Project("{FAE04EC0-301F-11D3-BF4B-00C04F79EFBC}") = "Tolitech.CodeGenerator.Logging.Database.PostgreSql", "Logging.Database.PostgreSql\Tolitech.CodeGenerator.Logging.Database.PostgreSql.csproj", "{29537A1F-8243-4639-8B3F-8AD80BE26629}"
EndProject
Project("{FAE04EC0-301F-11D3-BF4B-00C04F79EFBC}") = "Tolitech.CodeGenerator.Logging.Database.PostgreSql.Tests", "Logging.Database.PostgreSql.Tests\Tolitech.CodeGenerator.Logging.Database.PostgreSql.Tests.csproj", "{15840020-D8C7-48B3-93E1-6B88A162C60C}"
EndProject
Global
	GlobalSection(SolutionConfigurationPlatforms) = preSolution
		Debug|Any CPU = Debug|Any CPU
		Release|Any CPU = Release|Any CPU
	EndGlobalSection
	GlobalSection(ProjectConfigurationPlatforms) = postSolution
		{29537A1F-8243-4639-8B3F-8AD80BE26629}.Debug|Any CPU.ActiveCfg = Debug|Any CPU
		{29537A1F-8243-4639-8B3F-8AD80BE26629}.Debug|Any CPU.Build.0 = Debug|Any CPU
		{29537A1F-8243-4639-8B3F-8AD80BE26629}.Release|Any CPU.ActiveCfg = Release|Any CPU
		{29537A1F-8243-4639-8B3F-8AD80BE26629}.Release|Any CPU.Build.0 = Release|Any CPU
		{15840020-D8C7-48B3-93E1-6B88A162C60C}.Debug|Any CPU.ActiveCfg = Debug|Any CPU
		{15840020-D8C7-48B3-93E1-6B88A162C60C}.Debug|Any CPU.Build.0 = Debug|Any CPU
		{15840020-D8C7-48B3-93E1-6B88A162C60C}.Release|Any CPU.ActiveCfg = Release|Any CPU
		{15840020-D8C7-48B3-93E1-6B88A162C60C}.Release|Any CPU.Build.0 = Release|Any CPU
	EndGlobalSection
	GlobalSection(SolutionProperties) = preSolution
		HideSolutionNode = FALSE
	EndGlobalSection
	GlobalSection(ExtensibilityGlobals) = postSolution
		SolutionGuid = {7B79A6CB-79F6-4CA6-84F1-1565978F2820}
	EndGlobalSection
EndGlobal
